schema: '2.0'
stages:
  train:
    cmd: .venv\Scripts\python.exe src/train.py
    deps:
    - path: params.yaml
      hash: md5
      md5: 3f7bc11eaffd042a15df8f3a4cf4f08a
      size: 1514
    - path: src/data_loading.py
      hash: md5
      md5: 6f523c4074b3177c4d355cbdbe5c954e
      size: 1747
    - path: src/run_context.py
      hash: md5
      md5: df175c57c7cb33a18f18c773f53d957d
      size: 1174
    - path: src/train.py
      hash: md5
      md5: 0ed4bcca7ce53ebb98700ca347dd8f7f
      size: 8352
    params:
      params.yaml:
        data.raw_asc: data/raw/SouthGermanCredit.asc
        data.raw_csv: data/raw/south_german_credit.csv
        gates.fairness.max_equalized_odds_difference: 0.7
        gates.fairness.sensitive_column: famges
        gates.fairness.sensitive_column_fallback: personal_status
        gates.shap.background_samples: 80
        gates.shap.min_top_mean_abs_shap: 0.0
        mlflow.experiment_name: eu-ai-act-gac-credit
        mlflow.tracking_uri: sqlite:///./mlflow.db
        model.C: 1.0
        model.max_iter: 500
        model.name: logistic_regression
        pipeline.profile: governed
        seed: 42
        stress.enabled: false
        stress.minority_keep_fraction: 0.05
        stress.mode: undersample
    outs:
    - path: artifacts
      hash: md5
      md5: 7fecc84cb55f03762e3ea80e66cb7231.dir
      size: 26851
      nfiles: 5
    - path: metrics/train_metrics.json
      hash: md5
      md5: 338af9b42c233ab8a5ffb2402f84d7b9
      size: 342
  fairness_gate:
    cmd: .venv\Scripts\python.exe src/gate_fairness.py
    deps:
    - path: artifacts/val_audit.csv
      hash: md5
      md5: d84bf2bbff6849d7a65ae7c8af8cc333
      size: 7036
    - path: params.yaml
      hash: md5
      md5: 3f7bc11eaffd042a15df8f3a4cf4f08a
      size: 1514
    - path: src/gate_fairness.py
      hash: md5
      md5: dd9febf5a7d275642f65649c2689f6c6
      size: 1671
    outs:
    - path: metrics/fairness_gate.json
      hash: md5
      md5: 290f568d530fb641141251455222c29d
      size: 158
  shap_gate:
    cmd: .venv\Scripts\python.exe src/gate_shap.py
    deps:
    - path: artifacts/X_background.csv
      hash: md5
      md5: 2fcf3cf968642758fc7ed18c2fcfc3b2
      size: 3805
    - path: artifacts/X_val.csv
      hash: md5
      md5: 74ca569809a871844c61996a55ec3786
      size: 11601
    - path: artifacts/model.joblib
      hash: md5
      md5: 3595558b4a08ef69845df5744571f3f3
      size: 3425
    - path: params.yaml
      hash: md5
      md5: 3f7bc11eaffd042a15df8f3a4cf4f08a
      size: 1514
    - path: src/gate_shap.py
      hash: md5
      md5: f1b211caafa582ef983695cc1bb4c6b5
      size: 2661
    outs:
    - path: metrics/shap_gate.json
      hash: md5
      md5: 8335dc41a376b963fece5d995c8dc090
      size: 125
